
Microsoft Visual Studio Solution File, Format Version 12.00
# Visual Studio 15
VisualStudioVersion = 15.0.28307.572
MinimumVisualStudioVersion = 10.0.40219.1
Project("{FAE04EC0-301F-11D3-BF4B-00C04F79EFBC}") = "try_interface", "try_interface\try_interface.csproj", "{42A4E3CB-D5BC-4611-9EA8-9F0AB797B749}"
EndProject
Global
	GlobalSection(SolutionConfigurationPlatforms) = preSolution
		Debug|Any CPU = Debug|Any CPU
		Release|Any CPU = Release|Any CPU
	EndGlobalSection
	GlobalSection(ProjectConfigurationPlatforms) = postSolution
		{42A4E3CB-D5BC-4611-9EA8-9F0AB797B749}.Debug|Any CPU.ActiveCfg = Debug|Any CPU
		{42A4E3CB-D5BC-4611-9EA8-9F0AB797B749}.Debug|Any CPU.Build.0 = Debug|Any CPU
		{42A4E3CB-D5BC-4611-9EA8-9F0AB797B749}.Release|Any CPU.ActiveCfg = Release|Any CPU
		{42A4E3CB-D5BC-4611-9EA8-9F0AB797B749}.Release|Any CPU.Build.0 = Release|Any CPU
	EndGlobalSection
	GlobalSection(SolutionProperties) = preSolution
		HideSolutionNode = FALSE
	EndGlobalSection
	GlobalSection(ExtensibilityGlobals) = postSolution
		SolutionGuid = {3D3E4728-4903-471A-8DCA-809E638A6E8F}
	EndGlobalSection
EndGlobal
